
Microsoft Visual Studio Solution File, Format Version 12.00
# Visual Studio Version 17
VisualStudioVersion = 17.11.35312.102
MinimumVisualStudioVersion = 10.0.40219.1
Project("{FAE04EC0-301F-11D3-BF4B-00C04F79EFBC}") = "AbstractFactory2", "AbstractFactory2\AbstractFactory2.csproj", "{4C8BEF89-3E71-4A0A-91EE-BD54C78984AB}"
EndProject
Global
	GlobalSection(SolutionConfigurationPlatforms) = preSolution
		Debug|Any CPU = Debug|Any CPU
		Release|Any CPU = Release|Any CPU
	EndGlobalSection
	GlobalSection(ProjectConfigurationPlatforms) = postSolution
		{4C8BEF89-3E71-4A0A-91EE-BD54C78984AB}.Debug|Any CPU.ActiveCfg = Debug|Any CPU
		{4C8BEF89-3E71-4A0A-91EE-BD54C78984AB}.Debug|Any CPU.Build.0 = Debug|Any CPU
		{4C8BEF89-3E71-4A0A-91EE-BD54C78984AB}.Release|Any CPU.ActiveCfg = Release|Any CPU
		{4C8BEF89-3E71-4A0A-91EE-BD54C78984AB}.Release|Any CPU.Build.0 = Release|Any CPU
	EndGlobalSection
	GlobalSection(SolutionProperties) = preSolution
		HideSolutionNode = FALSE
	EndGlobalSection
	GlobalSection(ExtensibilityGlobals) = postSolution
		SolutionGuid = {BD046E51-9AFB-4A29-B330-37B35043A060}
	EndGlobalSection
EndGlobal
